
Microsoft Visual Studio Solution File, Format Version 12.00
# Visual Studio Version 16
VisualStudioVersion = 16.0.30309.148
MinimumVisualStudioVersion = 10.0.40219.1
Project("{FAE04EC0-301F-11D3-BF4B-00C04F79EFBC}") = "WSTower_App2.Android", "WSTower_App2.Android\WSTower_App2.Android.csproj", "{1200D90D-6007-4ACB-A931-403345C42492}"
EndProject
Project("{FAE04EC0-301F-11D3-BF4B-00C04F79EFBC}") = "WSTower_App2", "WSTower_App2\WSTower_App2.csproj", "{6200424B-6E66-4A28-91FC-5918D03765D0}"
EndProject
Global
	GlobalSection(SolutionConfigurationPlatforms) = preSolution
		Debug|Any CPU = Debug|Any CPU
		Release|Any CPU = Release|Any CPU
	EndGlobalSection
	GlobalSection(ProjectConfigurationPlatforms) = postSolution
		{1200D90D-6007-4ACB-A931-403345C42492}.Debug|Any CPU.ActiveCfg = Debug|Any CPU
		{1200D90D-6007-4ACB-A931-403345C42492}.Debug|Any CPU.Build.0 = Debug|Any CPU
		{1200D90D-6007-4ACB-A931-403345C42492}.Debug|Any CPU.Deploy.0 = Debug|Any CPU
		{1200D90D-6007-4ACB-A931-403345C42492}.Release|Any CPU.ActiveCfg = Release|Any CPU
		{1200D90D-6007-4ACB-A931-403345C42492}.Release|Any CPU.Build.0 = Release|Any CPU
		{1200D90D-6007-4ACB-A931-403345C42492}.Release|Any CPU.Deploy.0 = Release|Any CPU
		{6200424B-6E66-4A28-91FC-5918D03765D0}.Debug|Any CPU.ActiveCfg = Debug|Any CPU
		{6200424B-6E66-4A28-91FC-5918D03765D0}.Debug|Any CPU.Build.0 = Debug|Any CPU
		{6200424B-6E66-4A28-91FC-5918D03765D0}.Debug|Any CPU.Deploy.0 = Debug|Any CPU
		{6200424B-6E66-4A28-91FC-5918D03765D0}.Release|Any CPU.ActiveCfg = Release|Any CPU
		{6200424B-6E66-4A28-91FC-5918D03765D0}.Release|Any CPU.Build.0 = Release|Any CPU
		{6200424B-6E66-4A28-91FC-5918D03765D0}.Release|Any CPU.Deploy.0 = Release|Any CPU
	EndGlobalSection
	GlobalSection(SolutionProperties) = preSolution
		HideSolutionNode = FALSE
	EndGlobalSection
	GlobalSection(ExtensibilityGlobals) = postSolution
		SolutionGuid = {1AA3E79D-E3F5-4137-831D-DBEBCD9622ED}
	EndGlobalSection
EndGlobal
